
Microsoft Visual Studio Solution File, Format Version 12.00
# Visual Studio Version 16
VisualStudioVersion = 16.0.31624.102
MinimumVisualStudioVersion = 10.0.40219.1
Project("{FAE04EC0-301F-11D3-BF4B-00C04F79EFBC}") = "JeuDeDes", "JeuDeDes\JeuDeDes.csproj", "{84EDECB1-0A36-48C6-AA23-9B25AF1863FE}"
EndProject
Project("{FAE04EC0-301F-11D3-BF4B-00C04F79EFBC}") = "JeuDeDesTests", "JeuDeDesTests\JeuDeDesTests.csproj", "{229FD004-6115-4E88-A5D7-F9A64CA500BD}"
EndProject
Global
	GlobalSection(SolutionConfigurationPlatforms) = preSolution
		Debug|Any CPU = Debug|Any CPU
		Release|Any CPU = Release|Any CPU
	EndGlobalSection
	GlobalSection(ProjectConfigurationPlatforms) = postSolution
		{84EDECB1-0A36-48C6-AA23-9B25AF1863FE}.Debug|Any CPU.ActiveCfg = Debug|Any CPU
		{84EDECB1-0A36-48C6-AA23-9B25AF1863FE}.Debug|Any CPU.Build.0 = Debug|Any CPU
		{84EDECB1-0A36-48C6-AA23-9B25AF1863FE}.Release|Any CPU.ActiveCfg = Release|Any CPU
		{84EDECB1-0A36-48C6-AA23-9B25AF1863FE}.Release|Any CPU.Build.0 = Release|Any CPU
		{229FD004-6115-4E88-A5D7-F9A64CA500BD}.Debug|Any CPU.ActiveCfg = Debug|Any CPU
		{229FD004-6115-4E88-A5D7-F9A64CA500BD}.Debug|Any CPU.Build.0 = Debug|Any CPU
		{229FD004-6115-4E88-A5D7-F9A64CA500BD}.Release|Any CPU.ActiveCfg = Release|Any CPU
		{229FD004-6115-4E88-A5D7-F9A64CA500BD}.Release|Any CPU.Build.0 = Release|Any CPU
	EndGlobalSection
	GlobalSection(SolutionProperties) = preSolution
		HideSolutionNode = FALSE
	EndGlobalSection
	GlobalSection(ExtensibilityGlobals) = postSolution
		SolutionGuid = {A4AC0EDC-0F66-44A0-85E1-65DDDE28FF29}
	EndGlobalSection
EndGlobal
