
Microsoft Visual Studio Solution File, Format Version 12.00
# Visual Studio Version 17
VisualStudioVersion = 17.10.35027.167
MinimumVisualStudioVersion = 10.0.40219.1
Project("{FAE04EC0-301F-11D3-BF4B-00C04F79EFBC}") = "PokerWeb", "PokerWeb\PokerWeb.csproj", "{CA50FD11-A720-49E8-B127-4A3E805EBE9A}"
EndProject
Global
	GlobalSection(SolutionConfigurationPlatforms) = preSolution
		Debug|Any CPU = Debug|Any CPU
		Release|Any CPU = Release|Any CPU
	EndGlobalSection
	GlobalSection(ProjectConfigurationPlatforms) = postSolution
		{CA50FD11-A720-49E8-B127-4A3E805EBE9A}.Debug|Any CPU.ActiveCfg = Debug|Any CPU
		{CA50FD11-A720-49E8-B127-4A3E805EBE9A}.Debug|Any CPU.Build.0 = Debug|Any CPU
		{CA50FD11-A720-49E8-B127-4A3E805EBE9A}.Release|Any CPU.ActiveCfg = Release|Any CPU
		{CA50FD11-A720-49E8-B127-4A3E805EBE9A}.Release|Any CPU.Build.0 = Release|Any CPU
	EndGlobalSection
	GlobalSection(SolutionProperties) = preSolution
		HideSolutionNode = FALSE
	EndGlobalSection
	GlobalSection(ExtensibilityGlobals) = postSolution
		SolutionGuid = {920C3E06-CB14-4C32-83F1-3F8A177D4DAE}
	EndGlobalSection
EndGlobal
