
Microsoft Visual Studio Solution File, Format Version 12.00
# Visual Studio Version 16
VisualStudioVersion = 16.0.31624.102
MinimumVisualStudioVersion = 10.0.40219.1
Project("{FAE04EC0-301F-11D3-BF4B-00C04F79EFBC}") = "Fibonacci", "Fibonacci\Fibonacci.csproj", "{E3F0A2C7-8EFF-4FB4-90F3-2FE463764D2E}"
EndProject
Project("{FAE04EC0-301F-11D3-BF4B-00C04F79EFBC}") = "FiboTests", "FiboTests\FiboTests.csproj", "{F4AB758D-E7B8-4F71-AC2A-4FC87FEA0F54}"
EndProject
Global
	GlobalSection(SolutionConfigurationPlatforms) = preSolution
		Debug|Any CPU = Debug|Any CPU
		Release|Any CPU = Release|Any CPU
	EndGlobalSection
	GlobalSection(ProjectConfigurationPlatforms) = postSolution
		{E3F0A2C7-8EFF-4FB4-90F3-2FE463764D2E}.Debug|Any CPU.ActiveCfg = Debug|Any CPU
		{E3F0A2C7-8EFF-4FB4-90F3-2FE463764D2E}.Debug|Any CPU.Build.0 = Debug|Any CPU
		{E3F0A2C7-8EFF-4FB4-90F3-2FE463764D2E}.Release|Any CPU.ActiveCfg = Release|Any CPU
		{E3F0A2C7-8EFF-4FB4-90F3-2FE463764D2E}.Release|Any CPU.Build.0 = Release|Any CPU
		{F4AB758D-E7B8-4F71-AC2A-4FC87FEA0F54}.Debug|Any CPU.ActiveCfg = Debug|Any CPU
		{F4AB758D-E7B8-4F71-AC2A-4FC87FEA0F54}.Debug|Any CPU.Build.0 = Debug|Any CPU
		{F4AB758D-E7B8-4F71-AC2A-4FC87FEA0F54}.Release|Any CPU.ActiveCfg = Release|Any CPU
		{F4AB758D-E7B8-4F71-AC2A-4FC87FEA0F54}.Release|Any CPU.Build.0 = Release|Any CPU
	EndGlobalSection
	GlobalSection(SolutionProperties) = preSolution
		HideSolutionNode = FALSE
	EndGlobalSection
	GlobalSection(ExtensibilityGlobals) = postSolution
		SolutionGuid = {D2F12A12-A57E-4940-9D56-9BC31A2A861A}
	EndGlobalSection
EndGlobal
